
Microsoft Visual Studio Solution File, Format Version 12.00
# Visual Studio 14
VisualStudioVersion = 14.0.25420.1
MinimumVisualStudioVersion = 10.0.40219.1
Project("{FAE04EC0-301F-11D3-BF4B-00C04F79EFBC}") = "e-bibliothèque", "e-bibliothèque\e-bibliothèque.csproj", "{689C3AB8-74C3-4032-90F7-E2367A5B0FF6}"
EndProject
Project("{FAE04EC0-301F-11D3-BF4B-00C04F79EFBC}") = "e-bibliothèque.Tests", "e-bibliothèque.Tests\e-bibliothèque.Tests.csproj", "{5035BEFC-6BE2-4F8B-B7E4-3A1D2015CA4C}"
EndProject
Global
	GlobalSection(SolutionConfigurationPlatforms) = preSolution
		Debug|Any CPU = Debug|Any CPU
		Release|Any CPU = Release|Any CPU
	EndGlobalSection
	GlobalSection(ProjectConfigurationPlatforms) = postSolution
		{689C3AB8-74C3-4032-90F7-E2367A5B0FF6}.Debug|Any CPU.ActiveCfg = Debug|Any CPU
		{689C3AB8-74C3-4032-90F7-E2367A5B0FF6}.Debug|Any CPU.Build.0 = Debug|Any CPU
		{689C3AB8-74C3-4032-90F7-E2367A5B0FF6}.Release|Any CPU.ActiveCfg = Release|Any CPU
		{689C3AB8-74C3-4032-90F7-E2367A5B0FF6}.Release|Any CPU.Build.0 = Release|Any CPU
		{5035BEFC-6BE2-4F8B-B7E4-3A1D2015CA4C}.Debug|Any CPU.ActiveCfg = Debug|Any CPU
		{5035BEFC-6BE2-4F8B-B7E4-3A1D2015CA4C}.Debug|Any CPU.Build.0 = Debug|Any CPU
		{5035BEFC-6BE2-4F8B-B7E4-3A1D2015CA4C}.Release|Any CPU.ActiveCfg = Release|Any CPU
		{5035BEFC-6BE2-4F8B-B7E4-3A1D2015CA4C}.Release|Any CPU.Build.0 = Release|Any CPU
	EndGlobalSection
	GlobalSection(SolutionProperties) = preSolution
		HideSolutionNode = FALSE
	EndGlobalSection
EndGlobal
